{
  "name": "email-project",
  "version": "1.0.0",
  "lockfileVersion": 3,
  "requires": true,
  "packages": {
    "": {
      "name": "email-project",
      "version": "1.0.0",
      "license": "ISC",
      "dependencies": {
        "email-existence": "^0.1.6",
        "nodemailer": "^6.10.1",
        "smtp-connection": "^4.0.2"
      }
    },
    "node_modules/async": {
      "version": "2.6.4",
      "resolved": "https://registry.npmjs.org/async/-/async-2.6.4.tgz",
      "integrity": "sha512-mzo5dfJYwAn29PeiJ0zvwTo04zj8HDJj0Mn8TD7sno7q12prdbnasKJHhkm2c1LgrhlJ0teaea8860oxi51mGA==",
      "license": "MIT",
      "dependencies": {
        "lodash": "^4.17.14"
      }
    },
    "node_modules/email-existence": {
      "version": "0.1.6",
      "resolved": "https://registry.npmjs.org/email-existence/-/email-existence-0.1.6.tgz",
      "integrity": "sha512-mg7vWBaddlMxBFpNMG4h5CZHdBBjcMkN2mFVwGxglRPdgnAD5ashVwhGbQudL2lrvElWyzpR1M61bsvUuzi8Pg==",
      "dependencies": {
        "async": "^2.0.0-rc.6"
      }
    },
    "node_modules/lodash": {
      "version": "4.17.21",
      "resolved": "https://registry.npmjs.org/lodash/-/lodash-4.17.21.tgz",
      "integrity": "sha512-v2kDEe57lecTulaDIuNTPy3Ry4gLGJ6Z1O3vE1krgXZNrsQ+LFTGHVxVjcXPs17LhbZVGedAJv8XZ1tvj5FvSg==",
      "license": "MIT"
    },
    "node_modules/nodemailer": {
      "version": "6.10.1",
      "resolved": "https://registry.npmjs.org/nodemailer/-/nodemailer-6.10.1.tgz",
      "integrity": "sha512-Z+iLaBGVaSjbIzQ4pX6XV41HrooLsQ10ZWPUehGmuantvzWoDVBnmsdUcOIDM1t+yPor5pDhVlDESgOMEGxhHA==",
      "license": "MIT-0",
      "engines": {
        "node": ">=6.0.0"
      }
    },
    "node_modules/smtp-connection": {
      "version": "4.0.2",
      "resolved": "https://registry.npmjs.org/smtp-connection/-/smtp-connection-4.0.2.tgz",
      "integrity": "sha512-7+9JcZyI2ipBsg40sWxm3qfI+9vONphSyN35oNCTeo+/b67EneteK5QZGTPj8ZljrktDEYP3GSa5nl/1n/FgOA==",
      "license": "EUPL-1.1",
      "dependencies": {
        "nodemailer": "^3.1.1"
      },
      "engines": {
        "node": ">=6.0.0"
      }
    },
    "node_modules/smtp-connection/node_modules/nodemailer": {
      "version": "3.1.8",
      "resolved": "https://registry.npmjs.org/nodemailer/-/nodemailer-3.1.8.tgz",
      "integrity": "sha512-F8lol0IlDLVXvXRHiqdA1oW0U4M3VHo4F/ONGdD0KjOt2/gZDbw1XA/Zf79NkK6H9bsSY51MFCZBaENTKqUZ2g==",
      "deprecated": "All versions below 4.0.1 of Nodemailer are deprecated. See https://nodemailer.com/status/",
      "license": "EUPL-1.1",
      "engines": {
        "node": ">=6.0.0"
      }
    }
  }
}
